
Microsoft Visual Studio Solution File, Format Version 12.00
# Visual Studio Version 17
VisualStudioVersion = 17.8.34316.72
MinimumVisualStudioVersion = 10.0.40219.1
Project("{FAE04EC0-301F-11D3-BF4B-00C04F79EFBC}") = "lab04", "lab04\lab04.csproj", "{2C60BC6C-A5CF-44BD-9060-FC03F48FE50A}"
EndProject
Global
	GlobalSection(SolutionConfigurationPlatforms) = preSolution
		Debug|Any CPU = Debug|Any CPU
		Release|Any CPU = Release|Any CPU
	EndGlobalSection
	GlobalSection(ProjectConfigurationPlatforms) = postSolution
		{2C60BC6C-A5CF-44BD-9060-FC03F48FE50A}.Debug|Any CPU.ActiveCfg = Debug|Any CPU
		{2C60BC6C-A5CF-44BD-9060-FC03F48FE50A}.Debug|Any CPU.Build.0 = Debug|Any CPU
		{2C60BC6C-A5CF-44BD-9060-FC03F48FE50A}.Release|Any CPU.ActiveCfg = Release|Any CPU
		{2C60BC6C-A5CF-44BD-9060-FC03F48FE50A}.Release|Any CPU.Build.0 = Release|Any CPU
	EndGlobalSection
	GlobalSection(SolutionProperties) = preSolution
		HideSolutionNode = FALSE
	EndGlobalSection
	GlobalSection(ExtensibilityGlobals) = postSolution
		SolutionGuid = {F463A4C8-8014-4EEC-9FDB-F8C6522A6423}
	EndGlobalSection
EndGlobal
